
Microsoft Visual Studio Solution File, Format Version 12.00
# Visual Studio Version 16
VisualStudioVersion = 16.0.31306.274
MinimumVisualStudioVersion = 10.0.40219.1
Project("{FAE04EC0-301F-11D3-BF4B-00C04F79EFBC}") = "Mayo18", "Mayo18\Mayo18.csproj", "{32E438E1-A874-4EB9-B0E1-9242B7ECCCDC}"
EndProject
Project("{FAE04EC0-301F-11D3-BF4B-00C04F79EFBC}") = "ConsoleApp1", "ConsoleApp1\ConsoleApp1.csproj", "{5BCD6C39-E4B8-4EDC-9672-2A2E7D2AF987}"
EndProject
Global
	GlobalSection(SolutionConfigurationPlatforms) = preSolution
		Debug|Any CPU = Debug|Any CPU
		Release|Any CPU = Release|Any CPU
	EndGlobalSection
	GlobalSection(ProjectConfigurationPlatforms) = postSolution
		{32E438E1-A874-4EB9-B0E1-9242B7ECCCDC}.Debug|Any CPU.ActiveCfg = Debug|Any CPU
		{32E438E1-A874-4EB9-B0E1-9242B7ECCCDC}.Debug|Any CPU.Build.0 = Debug|Any CPU
		{32E438E1-A874-4EB9-B0E1-9242B7ECCCDC}.Release|Any CPU.ActiveCfg = Release|Any CPU
		{32E438E1-A874-4EB9-B0E1-9242B7ECCCDC}.Release|Any CPU.Build.0 = Release|Any CPU
		{5BCD6C39-E4B8-4EDC-9672-2A2E7D2AF987}.Debug|Any CPU.ActiveCfg = Debug|Any CPU
		{5BCD6C39-E4B8-4EDC-9672-2A2E7D2AF987}.Debug|Any CPU.Build.0 = Debug|Any CPU
		{5BCD6C39-E4B8-4EDC-9672-2A2E7D2AF987}.Release|Any CPU.ActiveCfg = Release|Any CPU
		{5BCD6C39-E4B8-4EDC-9672-2A2E7D2AF987}.Release|Any CPU.Build.0 = Release|Any CPU
	EndGlobalSection
	GlobalSection(SolutionProperties) = preSolution
		HideSolutionNode = FALSE
	EndGlobalSection
	GlobalSection(ExtensibilityGlobals) = postSolution
		SolutionGuid = {ADA8CF83-F0F1-4110-9FFE-F5FB55310152}
	EndGlobalSection
EndGlobal
